// !$*UTF8*$!
{
	archiveVersion = 1;
	classes = {
	};
	objectVersion = 48;
	objects = {

/* Begin PBXBuildFile section */
		B5FDA6BC1FB0C6EE009A536F /* AppDelegate.swift in Sources */ = {isa = PBXBuildFile; fileRef = B5FDA6BB1FB0C6ED009A536F /* AppDelegate.swift */; };
		B5FDA6C11FB0C6EE009A536F /* Main.storyboard in Resources */ = {isa = PBXBuildFile; fileRef = B5FDA6BF1FB0C6EE009A536F /* Main.storyboard */; };
		B5FDA6C31FB0C6EE009A536F /* Assets.xcassets in Resources */ = {isa = PBXBuildFile; fileRef = B5FDA6C21FB0C6EE009A536F /* Assets.xcassets */; };
		B5FDA6C61FB0C6EE009A536F /* LaunchScreen.storyboard in Resources */ = {isa = PBXBuildFile; fileRef = B5FDA6C41FB0C6EE009A536F /* LaunchScreen.storyboard */; };
		B5FDA6D41FB0C8DF009A536F /* CityListView.swift in Sources */ = {isa = PBXBuildFile; fileRef = B5FDA6D31FB0C8DF009A536F /* CityListView.swift */; };
		B5FDA6F41FB0F042009A536F /* City.swift in Sources */ = {isa = PBXBuildFile; fileRef = B5FDA6F31FB0F042009A536F /* City.swift */; };
		B5FDA6F71FB10475009A536F /* CityDetailView.swift in Sources */ = {isa = PBXBuildFile; fileRef = B5FDA6F61FB10475009A536F /* CityDetailView.swift */; };
/* End PBXBuildFile section */

/* Begin PBXFileReference section */
		B5FDA6B81FB0C6ED009A536F /* OpenWeatherApp.app */ = {isa = PBXFileReference; explicitFileType = wrapper.application; includeInIndex = 0; path = OpenWeatherApp.app; sourceTree = BUILT_PRODUCTS_DIR; };
		B5FDA6BB1FB0C6ED009A536F /* AppDelegate.swift */ = {isa = PBXFileReference; lastKnownFileType = sourcecode.swift; path = AppDelegate.swift; sourceTree = "<group>"; };
		B5FDA6C01FB0C6EE009A536F /* Base */ = {isa = PBXFileReference; lastKnownFileType = file.storyboard; name = Base; path = Base.lproj/Main.storyboard; sourceTree = "<group>"; };
		B5FDA6C21FB0C6EE009A536F /* Assets.xcassets */ = {isa = PBXFileReference; lastKnownFileType = folder.assetcatalog; path = Assets.xcassets; sourceTree = "<group>"; };
		B5FDA6C51FB0C6EE009A536F /* Base */ = {isa = PBXFileReference; lastKnownFileType = file.storyboard; name = Base; path = Base.lproj/LaunchScreen.storyboard; sourceTree = "<group>"; };
		B5FDA6C71FB0C6EE009A536F /* Info.plist */ = {isa = PBXFileReference; lastKnownFileType = text.plist.xml; path = Info.plist; sourceTree = "<group>"; };
		B5FDA6D31FB0C8DF009A536F /* CityListView.swift */ = {isa = PBXFileReference; fileEncoding = 4; lastKnownFileType = sourcecode.swift; path = CityListView.swift; sourceTree = "<group>"; };
		B5FDA6F31FB0F042009A536F /* City.swift */ = {isa = PBXFileReference; lastKnownFileType = sourcecode.swift; path = City.swift; sourceTree = "<group>"; };
		B5FDA6F61FB10475009A536F /* CityDetailView.swift */ = {isa = PBXFileReference; lastKnownFileType = sourcecode.swift; path = CityDetailView.swift; sourceTree = "<group>"; };
/* End PBXFileReference section */

/* Begin PBXFrameworksBuildPhase section */
		B5FDA6B51FB0C6ED009A536F /* Frameworks */ = {
			isa = PBXFrameworksBuildPhase;
			buildActionMask = 2147483647;
			files = (
			);
			runOnlyForDeploymentPostprocessing = 0;
		};
/* End PBXFrameworksBuildPhase section */

/* Begin PBXGroup section */
		B5FDA6AF1FB0C6EB009A536F = {
			isa = PBXGroup;
			children = (
				B5FDA6BA1FB0C6ED009A536F /* OpenWeatherApp */,
				B5FDA6B91FB0C6ED009A536F /* Products */,
			);
			sourceTree = "<group>";
		};
		B5FDA6B91FB0C6ED009A536F /* Products */ = {
			isa = PBXGroup;
			children = (
				B5FDA6B81FB0C6ED009A536F /* OpenWeatherApp.app */,
			);
			name = Products;
			sourceTree = "<group>";
		};
		B5FDA6BA1FB0C6ED009A536F /* OpenWeatherApp */ = {
			isa = PBXGroup;
			children = (
				B5FDA6BB1FB0C6ED009A536F /* AppDelegate.swift */,
				B5FDA6D01FB0C8DF009A536F /* Model */,
				B5FDA6D11FB0C8DF009A536F /* ViewController */,
				B5FDA6BF1FB0C6EE009A536F /* Main.storyboard */,
				B5FDA6C21FB0C6EE009A536F /* Assets.xcassets */,
				B5FDA6C41FB0C6EE009A536F /* LaunchScreen.storyboard */,
				B5FDA6C71FB0C6EE009A536F /* Info.plist */,
			);
			path = OpenWeatherApp;
			sourceTree = "<group>";
		};
		B5FDA6D01FB0C8DF009A536F /* Model */ = {
			isa = PBXGroup;
			children = (
				B5FDA6F31FB0F042009A536F /* City.swift */,
			);
			path = Model;
			sourceTree = "<group>";
		};
		B5FDA6D11FB0C8DF009A536F /* ViewController */ = {
			isa = PBXGroup;
			children = (
				B5FDA6F51FB10451009A536F /* CityDetailView */,
				B5FDA6D21FB0C8DF009A536F /* CityListView */,
			);
			path = ViewController;
			sourceTree = "<group>";
		};
		B5FDA6D21FB0C8DF009A536F /* CityListView */ = {
			isa = PBXGroup;
			children = (
				B5FDA6D31FB0C8DF009A536F /* CityListView.swift */,
			);
			path = CityListView;
			sourceTree = "<group>";
		};
		B5FDA6F51FB10451009A536F /* CityDetailView */ = {
			isa = PBXGroup;
			children = (
				B5FDA6F61FB10475009A536F /* CityDetailView.swift */,
			);
			path = CityDetailView;
			sourceTree = "<group>";
		};
/* End PBXGroup section */

/* Begin PBXNativeTarget section */
		B5FDA6B71FB0C6ED009A536F /* OpenWeatherApp */ = {
			isa = PBXNativeTarget;
			buildConfigurationList = B5FDA6CA1FB0C6EF009A536F /* Build configuration list for PBXNativeTarget "OpenWeatherApp" */;
			buildPhases = (
				B5FDA6B41FB0C6ED009A536F /* Sources */,
				B5FDA6B51FB0C6ED009A536F /* Frameworks */,
				B5FDA6B61FB0C6ED009A536F /* Resources */,
			);
			buildRules = (
			);
			dependencies = (
			);
			name = OpenWeatherApp;
			productName = OpenWeatherApp;
			productReference = B5FDA6B81FB0C6ED009A536F /* OpenWeatherApp.app */;
			productType = "com.apple.product-type.application";
		};
/* End PBXNativeTarget section */

/* Begin PBXProject section */
		B5FDA6B01FB0C6EB009A536F /* Project object */ = {
			isa = PBXProject;
			attributes = {
				LastSwiftUpdateCheck = 0910;
				LastUpgradeCheck = 0910;
				ORGANIZATIONNAME = "Vishal Patel";
				TargetAttributes = {
					B5FDA6B71FB0C6ED009A536F = {
						CreatedOnToolsVersion = 9.1;
						ProvisioningStyle = Automatic;
					};
				};
			};
			buildConfigurationList = B5FDA6B31FB0C6EC009A536F /* Build configuration list for PBXProject "OpenWeatherApp" */;
			compatibilityVersion = "Xcode 8.0";
			developmentRegion = en;
			hasScannedForEncodings = 0;
			knownRegions = (
				en,
				Base,
			);
			mainGroup = B5FDA6AF1FB0C6EB009A536F;
			productRefGroup = B5FDA6B91FB0C6ED009A536F /* Products */;
			projectDirPath = "";
			projectRoot = "";
			targets = (
				B5FDA6B71FB0C6ED009A536F /* OpenWeatherApp */,
			);
		};
/* End PBXProject section */

/* Begin PBXResourcesBuildPhase section */
		B5FDA6B61FB0C6ED009A536F /* Resources */ = {
			isa = PBXResourcesBuildPhase;
			buildActionMask = 2147483647;
			files = (
				B5FDA6C61FB0C6EE009A536F /* LaunchScreen.storyboard in Resources */,
				B5FDA6C31FB0C6EE009A536F /* Assets.xcassets in Resources */,
				B5FDA6C11FB0C6EE009A536F /* Main.storyboard in Resources */,
			);
			runOnlyForDeploymentPostprocessing = 0;
		};
/* End PBXResourcesBuildPhase section */

/* Begin PBXSourcesBuildPhase section */
		B5FDA6B41FB0C6ED009A536F /* Sources */ = {
			isa = PBXSourcesBuildPhase;
			buildActionMask = 2147483647;
			files = (
				B5FDA6BC1FB0C6EE009A536F /* AppDelegate.swift in Sources */,
				B5FDA6D41FB0C8DF009A536F /* CityListView.swift in Sources */,
				B5FDA6F71FB10475009A536F /* CityDetailView.swift in Sources */,
				B5FDA6F41FB0F042009A536F /* City.swift in Sources */,
			);
			runOnlyForDeploymentPostprocessing = 0;
		};
/* End PBXSourcesBuildPhase section */

/* Begin PBXVariantGroup section */
		B5FDA6BF1FB0C6EE009A536F /* Main.storyboard */ = {
			isa = PBXVariantGroup;
			children = (
				B5FDA6C01FB0C6EE009A536F /* Base */,
			);
			name = Main.storyboard;
			sourceTree = "<group>";
		};
		B5FDA6C41FB0C6EE009A536F /* LaunchScreen.storyboard */ = {
			isa = PBXVariantGroup;
			children = (
				B5FDA6C51FB0C6EE009A536F /* Base */,
			);
			name = LaunchScreen.storyboard;
			sourceTree = "<group>";
		};
/* End PBXVariantGroup section */

/* Begin XCBuildConfiguration section */
		B5FDA6C81FB0C6EE009A536F /* Debug */ = {
			isa = XCBuildConfiguration;
			buildSettings = {
				ALWAYS_SEARCH_USER_PATHS = NO;
				CLANG_ANALYZER_NONNULL = YES;
				CLANG_ANALYZER_NUMBER_OBJECT_CONVERSION = YES_AGGRESSIVE;
				CLANG_CXX_LANGUAGE_STANDARD = "gnu++14";
				CLANG_CXX_LIBRARY = "libc++";
				CLANG_ENABLE_MODULES = YES;
				CLANG_ENABLE_OBJC_ARC = YES;
				CLANG_WARN_BLOCK_CAPTURE_AUTORELEASING = YES;
				CLANG_WARN_BOOL_CONVERSION = YES;
				CLANG_WARN_COMMA = YES;
				CLANG_WARN_CONSTANT_CONVERSION = YES;
				CLANG_WARN_DIRECT_OBJC_ISA_USAGE = YES_ERROR;
				CLANG_WARN_DOCUMENTATION_COMMENTS = YES;
				CLANG_WARN_EMPTY_BODY = YES;
				CLANG_WARN_ENUM_CONVERSION = YES;
				CLANG_WARN_INFINITE_RECURSION = YES;
				CLANG_WARN_INT_CONVERSION = YES;
				CLANG_WARN_NON_LITERAL_NULL_CONVERSION = YES;
				CLANG_WARN_OBJC_LITERAL_CONVERSION = YES;
				CLANG_WARN_OBJC_ROOT_CLASS = YES_ERROR;
				CLANG_WARN_RANGE_LOOP_ANALYSIS = YES;
				CLANG_WARN_STRICT_PROTOTYPES = YES;
				CLANG_WARN_SUSPICIOUS_MOVE = YES;
				CLANG_WARN_UNGUARDED_AVAILABILITY = YES_AGGRESSIVE;
				CLANG_WARN_UNREACHABLE_CODE = YES;
				CLANG_WARN__DUPLICATE_METHOD_MATCH = YES;
				CODE_SIGN_IDENTITY = "iPhone Developer";
				COPY_PHASE_STRIP = NO;
				DEBUG_INFORMATION_FORMAT = dwarf;
				ENABLE_STRICT_OBJC_MSGSEND = YES;
				ENABLE_TESTABILITY = YES;
				GCC_C_LANGUAGE_STANDARD = gnu11;
				GCC_DYNAMIC_NO_PIC = NO;
				GCC_NO_COMMON_BLOCKS = YES;
				GCC_OPTIMIZATION_LEVEL = 0;
				GCC_PREPROCESSOR_DEFINITIONS = (
					"DEBUG=1",
					"$(inherited)",
				);
				GCC_WARN_64_TO_32_BIT_CONVERSION = YES;
				GCC_WARN_ABOUT_RETURN_TYPE = YES_ERROR;
				GCC_WARN_UNDECLARED_SELECTOR = YES;
				GCC_WARN_UNINITIALIZED_AUTOS = YES_AGGRESSIVE;
				GCC_WARN_UNUSED_FUNCTION = YES;
				GCC_WARN_UNUSED_VARIABLE = YES;
				IPHONEOS_DEPLOYMENT_TARGET = 11.1;
				MTL_ENABLE_DEBUG_INFO = YES;
				ONLY_ACTIVE_ARCH = YES;
				SDKROOT = iphoneos;
				SWIFT_ACTIVE_COMPILATION_CONDITIONS = DEBUG;
				SWIFT_OPTIMIZATION_LEVEL = "-Onone";
			};
			name = Debug;
		};
		B5FDA6C91FB0C6EE009A536F /* Release */ = {
			isa = XCBuildConfiguration;
			buildSettings = {
				ALWAYS_SEARCH_USER_PATHS = NO;
				CLANG_ANALYZER_NONNULL = YES;
				CLANG_ANALYZER_NUMBER_OBJECT_CONVERSION = YES_AGGRESSIVE;
				CLANG_CXX_LANGUAGE_STANDARD = "gnu++14";
				CLANG_CXX_LIBRARY = "libc++";
				CLANG_ENABLE_MODULES = YES;
				CLANG_ENABLE_OBJC_ARC = YES;
				CLANG_WARN_BLOCK_CAPTURE_AUTORELEASING = YES;
				CLANG_WARN_BOOL_CONVERSION = YES;
				CLANG_WARN_COMMA = YES;
				CLANG_WARN_CONSTANT_CONVERSION = YES;
				CLANG_WARN_DIRECT_OBJC_ISA_USAGE = YES_ERROR;
				CLANG_WARN_DOCUMENTATION_COMMENTS = YES;
				CLANG_WARN_EMPTY_BODY = YES;
				CLANG_WARN_ENUM_CONVERSION = YES;
				CLANG_WARN_INFINITE_RECURSION = YES;
				CLANG_WARN_INT_CONVERSION = YES;
				CLANG_WARN_NON_LITERAL_NULL_CONVERSION = YES;
				CLANG_WARN_OBJC_LITERAL_CONVERSION = YES;
				CLANG_WARN_OBJC_ROOT_CLASS = YES_ERROR;
				CLANG_WARN_RANGE_LOOP_ANALYSIS = YES;
				CLANG_WARN_STRICT_PROTOTYPES = YES;
				CLANG_WARN_SUSPICIOUS_MOVE = YES;
				CLANG_WARN_UNGUARDED_AVAILABILITY = YES_AGGRESSIVE;
				CLANG_WARN_UNREACHABLE_CODE = YES;
				CLANG_WARN__DUPLICATE_METHOD_MATCH = YES;
				CODE_SIGN_IDENTITY = "iPhone Developer";
				COPY_PHASE_STRIP = NO;
				DEBUG_INFORMATION_FORMAT = "dwarf-with-dsym";
				ENABLE_NS_ASSERTIONS = NO;
				ENABLE_STRICT_OBJC_MSGSEND = YES;
				GCC_C_LANGUAGE_STANDARD = gnu11;
				GCC_NO_COMMON_BLOCKS = YES;
				GCC_WARN_64_TO_32_BIT_CONVERSION = YES;
				GCC_WARN_ABOUT_RETURN_TYPE = YES_ERROR;
				GCC_WARN_UNDECLARED_SELECTOR = YES;
				GCC_WARN_UNINITIALIZED_AUTOS = YES_AGGRESSIVE;
				GCC_WARN_UNUSED_FUNCTION = YES;
				GCC_WARN_UNUSED_VARIABLE = YES;
				IPHONEOS_DEPLOYMENT_TARGET = 11.1;
				MTL_ENABLE_DEBUG_INFO = NO;
				SDKROOT = iphoneos;
				SWIFT_OPTIMIZATION_LEVEL = "-Owholemodule";
				VALIDATE_PRODUCT = YES;
			};
			name = Release;
		};
		B5FDA6CB1FB0C6EF009A536F /* Debug */ = {
			isa = XCBuildConfiguration;
			buildSettings = {
				ASSETCATALOG_COMPILER_APPICON_NAME = AppIcon;
				CODE_SIGN_STYLE = Automatic;
				DEVELOPMENT_TEAM = GC6JB4BZX4;
				INFOPLIST_FILE = OpenWeatherApp/Info.plist;
				IPHONEOS_DEPLOYMENT_TARGET = 10.0;
				LD_RUNPATH_SEARCH_PATHS = "$(inherited) @executable_path/Frameworks";
				PRODUCT_BUNDLE_IDENTIFIER = com.vup.OpenWeatherApp;
				PRODUCT_NAME = "$(TARGET_NAME)";
				SWIFT_VERSION = 4.0;
				TARGETED_DEVICE_FAMILY = "1,2";
			};
			name = Debug;
		};
		B5FDA6CC1FB0C6EF009A536F /* Release */ = {
			isa = XCBuildConfiguration;
			buildSettings = {
				ASSETCATALOG_COMPILER_APPICON_NAME = AppIcon;
				CODE_SIGN_STYLE = Automatic;
				DEVELOPMENT_TEAM = GC6JB4BZX4;
				INFOPLIST_FILE = OpenWeatherApp/Info.plist;
				IPHONEOS_DEPLOYMENT_TARGET = 10.0;
				LD_RUNPATH_SEARCH_PATHS = "$(inherited) @executable_path/Frameworks";
				PRODUCT_BUNDLE_IDENTIFIER = com.vup.OpenWeatherApp;
				PRODUCT_NAME = "$(TARGET_NAME)";
				SWIFT_VERSION = 4.0;
				TARGETED_DEVICE_FAMILY = "1,2";
			};
			name = Release;
		};
/* End XCBuildConfiguration section */

/* Begin XCConfigurationList section */
		B5FDA6B31FB0C6EC009A536F /* Build configuration list for PBXProject "OpenWeatherApp" */ = {
			isa = XCConfigurationList;
			buildConfigurations = (
				B5FDA6C81FB0C6EE009A536F /* Debug */,
				B5FDA6C91FB0C6EE009A536F /* Release */,
			);
			defaultConfigurationIsVisible = 0;
			defaultConfigurationName = Release;
		};
		B5FDA6CA1FB0C6EF009A536F /* Build configuration list for PBXNativeTarget "OpenWeatherApp" */ = {
			isa = XCConfigurationList;
			buildConfigurations = (
				B5FDA6CB1FB0C6EF009A536F /* Debug */,
				B5FDA6CC1FB0C6EF009A536F /* Release */,
			);
			defaultConfigurationIsVisible = 0;
			defaultConfigurationName = Release;
		};
/* End XCConfigurationList section */
	};
	rootObject = B5FDA6B01FB0C6EB009A536F /* Project object */;
}
